// !$*UTF8*$!
{
	archiveVersion = 1;
	classes = {
	};
	objectVersion = 56;
	objects = {

/* Begin PBXBuildFile section */
		AC8B51592B29B772007BB51F /* HackerNewsProjectApp.swift in Sources */ = {isa = PBXBuildFile; fileRef = AC8B51582B29B772007BB51F /* HackerNewsProjectApp.swift */; };
		AC8B515B2B29B772007BB51F /* StoriesView.swift in Sources */ = {isa = PBXBuildFile; fileRef = AC8B515A2B29B772007BB51F /* StoriesView.swift */; };
		AC8B515D2B29B774007BB51F /* Assets.xcassets in Resources */ = {isa = PBXBuildFile; fileRef = AC8B515C2B29B774007BB51F /* Assets.xcassets */; };
		AC8B51612B29B774007BB51F /* Preview Assets.xcassets in Resources */ = {isa = PBXBuildFile; fileRef = AC8B51602B29B774007BB51F /* Preview Assets.xcassets */; };
		AC8B516B2B29B774007BB51F /* HackerNewsProjectTests.swift in Sources */ = {isa = PBXBuildFile; fileRef = AC8B516A2B29B774007BB51F /* HackerNewsProjectTests.swift */; };
		AC8B51752B29B774007BB51F /* HackerNewsProjectUITests.swift in Sources */ = {isa = PBXBuildFile; fileRef = AC8B51742B29B774007BB51F /* HackerNewsProjectUITests.swift */; };
		AC8B51772B29B774007BB51F /* HackerNewsProjectUITestsLaunchTests.swift in Sources */ = {isa = PBXBuildFile; fileRef = AC8B51762B29B774007BB51F /* HackerNewsProjectUITestsLaunchTests.swift */; };
		AC8B51842B29B9F7007BB51F /* ListLine.swift in Sources */ = {isa = PBXBuildFile; fileRef = AC8B51832B29B9F7007BB51F /* ListLine.swift */; };
/* End PBXBuildFile section */

/* Begin PBXContainerItemProxy section */
		AC8B51672B29B774007BB51F /* PBXContainerItemProxy */ = {
			isa = PBXContainerItemProxy;
			containerPortal = AC8B514D2B29B772007BB51F /* Project object */;
			proxyType = 1;
			remoteGlobalIDString = AC8B51542B29B772007BB51F;
			remoteInfo = HackerNewsProject;
		};
		AC8B51712B29B774007BB51F /* PBXContainerItemProxy */ = {
			isa = PBXContainerItemProxy;
			containerPortal = AC8B514D2B29B772007BB51F /* Project object */;
			proxyType = 1;
			remoteGlobalIDString = AC8B51542B29B772007BB51F;
			remoteInfo = HackerNewsProject;
		};
/* End PBXContainerItemProxy section */

/* Begin PBXFileReference section */
		AC8B51552B29B772007BB51F /* HackerNewsProject.app */ = {isa = PBXFileReference; explicitFileType = wrapper.application; includeInIndex = 0; path = HackerNewsProject.app; sourceTree = BUILT_PRODUCTS_DIR; };
		AC8B51582B29B772007BB51F /* HackerNewsProjectApp.swift */ = {isa = PBXFileReference; lastKnownFileType = sourcecode.swift; path = HackerNewsProjectApp.swift; sourceTree = "<group>"; };
		AC8B515A2B29B772007BB51F /* StoriesView.swift */ = {isa = PBXFileReference; lastKnownFileType = sourcecode.swift; path = StoriesView.swift; sourceTree = "<group>"; };
		AC8B515C2B29B774007BB51F /* Assets.xcassets */ = {isa = PBXFileReference; lastKnownFileType = folder.assetcatalog; path = Assets.xcassets; sourceTree = "<group>"; };
		AC8B515E2B29B774007BB51F /* HackerNewsProject.entitlements */ = {isa = PBXFileReference; lastKnownFileType = text.plist.entitlements; path = HackerNewsProject.entitlements; sourceTree = "<group>"; };
		AC8B51602B29B774007BB51F /* Preview Assets.xcassets */ = {isa = PBXFileReference; lastKnownFileType = folder.assetcatalog; path = "Preview Assets.xcassets"; sourceTree = "<group>"; };
		AC8B51662B29B774007BB51F /* HackerNewsProjectTests.xctest */ = {isa = PBXFileReference; explicitFileType = wrapper.cfbundle; includeInIndex = 0; path = HackerNewsProjectTests.xctest; sourceTree = BUILT_PRODUCTS_DIR; };
		AC8B516A2B29B774007BB51F /* HackerNewsProjectTests.swift */ = {isa = PBXFileReference; lastKnownFileType = sourcecode.swift; path = HackerNewsProjectTests.swift; sourceTree = "<group>"; };
		AC8B51702B29B774007BB51F /* HackerNewsProjectUITests.xctest */ = {isa = PBXFileReference; explicitFileType = wrapper.cfbundle; includeInIndex = 0; path = HackerNewsProjectUITests.xctest; sourceTree = BUILT_PRODUCTS_DIR; };
		AC8B51742B29B774007BB51F /* HackerNewsProjectUITests.swift */ = {isa = PBXFileReference; lastKnownFileType = sourcecode.swift; path = HackerNewsProjectUITests.swift; sourceTree = "<group>"; };
		AC8B51762B29B774007BB51F /* HackerNewsProjectUITestsLaunchTests.swift */ = {isa = PBXFileReference; lastKnownFileType = sourcecode.swift; path = HackerNewsProjectUITestsLaunchTests.swift; sourceTree = "<group>"; };
		AC8B51832B29B9F7007BB51F /* ListLine.swift */ = {isa = PBXFileReference; lastKnownFileType = sourcecode.swift; path = ListLine.swift; sourceTree = "<group>"; };
/* End PBXFileReference section */

/* Begin PBXFrameworksBuildPhase section */
		AC8B51522B29B772007BB51F /* Frameworks */ = {
			isa = PBXFrameworksBuildPhase;
			buildActionMask = 2147483647;
			files = (
			);
			runOnlyForDeploymentPostprocessing = 0;
		};
		AC8B51632B29B774007BB51F /* Frameworks */ = {
			isa = PBXFrameworksBuildPhase;
			buildActionMask = 2147483647;
			files = (
			);
			runOnlyForDeploymentPostprocessing = 0;
		};
		AC8B516D2B29B774007BB51F /* Frameworks */ = {
			isa = PBXFrameworksBuildPhase;
			buildActionMask = 2147483647;
			files = (
			);
			runOnlyForDeploymentPostprocessing = 0;
		};
/* End PBXFrameworksBuildPhase section */

/* Begin PBXGroup section */
		AC8B514C2B29B772007BB51F = {
			isa = PBXGroup;
			children = (
				AC8B51572B29B772007BB51F /* HackerNewsProject */,
				AC8B51692B29B774007BB51F /* HackerNewsProjectTests */,
				AC8B51732B29B774007BB51F /* HackerNewsProjectUITests */,
				AC8B51562B29B772007BB51F /* Products */,
			);
			sourceTree = "<group>";
		};
		AC8B51562B29B772007BB51F /* Products */ = {
			isa = PBXGroup;
			children = (
				AC8B51552B29B772007BB51F /* HackerNewsProject.app */,
				AC8B51662B29B774007BB51F /* HackerNewsProjectTests.xctest */,
				AC8B51702B29B774007BB51F /* HackerNewsProjectUITests.xctest */,
			);
			name = Products;
			sourceTree = "<group>";
		};
		AC8B51572B29B772007BB51F /* HackerNewsProject */ = {
			isa = PBXGroup;
			children = (
				AC8B51582B29B772007BB51F /* HackerNewsProjectApp.swift */,
				AC8B515A2B29B772007BB51F /* StoriesView.swift */,
				AC8B51832B29B9F7007BB51F /* ListLine.swift */,
				AC8B515C2B29B774007BB51F /* Assets.xcassets */,
				AC8B515E2B29B774007BB51F /* HackerNewsProject.entitlements */,
				AC8B515F2B29B774007BB51F /* Preview Content */,
			);
			path = HackerNewsProject;
			sourceTree = "<group>";
		};
		AC8B515F2B29B774007BB51F /* Preview Content */ = {
			isa = PBXGroup;
			children = (
				AC8B51602B29B774007BB51F /* Preview Assets.xcassets */,
			);
			path = "Preview Content";
			sourceTree = "<group>";
		};
		AC8B51692B29B774007BB51F /* HackerNewsProjectTests */ = {
			isa = PBXGroup;
			children = (
				AC8B516A2B29B774007BB51F /* HackerNewsProjectTests.swift */,
			);
			path = HackerNewsProjectTests;
			sourceTree = "<group>";
		};
		AC8B51732B29B774007BB51F /* HackerNewsProjectUITests */ = {
			isa = PBXGroup;
			children = (
				AC8B51742B29B774007BB51F /* HackerNewsProjectUITests.swift */,
				AC8B51762B29B774007BB51F /* HackerNewsProjectUITestsLaunchTests.swift */,
			);
			path = HackerNewsProjectUITests;
			sourceTree = "<group>";
		};
/* End PBXGroup section */

/* Begin PBXNativeTarget section */
		AC8B51542B29B772007BB51F /* HackerNewsProject */ = {
			isa = PBXNativeTarget;
			buildConfigurationList = AC8B517A2B29B774007BB51F /* Build configuration list for PBXNativeTarget "HackerNewsProject" */;
			buildPhases = (
				AC8B51512B29B772007BB51F /* Sources */,
				AC8B51522B29B772007BB51F /* Frameworks */,
				AC8B51532B29B772007BB51F /* Resources */,
			);
			buildRules = (
			);
			dependencies = (
			);
			name = HackerNewsProject;
			productName = HackerNewsProject;
			productReference = AC8B51552B29B772007BB51F /* HackerNewsProject.app */;
			productType = "com.apple.product-type.application";
		};
		AC8B51652B29B774007BB51F /* HackerNewsProjectTests */ = {
			isa = PBXNativeTarget;
			buildConfigurationList = AC8B517D2B29B774007BB51F /* Build configuration list for PBXNativeTarget "HackerNewsProjectTests" */;
			buildPhases = (
				AC8B51622B29B774007BB51F /* Sources */,
				AC8B51632B29B774007BB51F /* Frameworks */,
				AC8B51642B29B774007BB51F /* Resources */,
			);
			buildRules = (
			);
			dependencies = (
				AC8B51682B29B774007BB51F /* PBXTargetDependency */,
			);
			name = HackerNewsProjectTests;
			productName = HackerNewsProjectTests;
			productReference = AC8B51662B29B774007BB51F /* HackerNewsProjectTests.xctest */;
			productType = "com.apple.product-type.bundle.unit-test";
		};
		AC8B516F2B29B774007BB51F /* HackerNewsProjectUITests */ = {
			isa = PBXNativeTarget;
			buildConfigurationList = AC8B51802B29B774007BB51F /* Build configuration list for PBXNativeTarget "HackerNewsProjectUITests" */;
			buildPhases = (
				AC8B516C2B29B774007BB51F /* Sources */,
				AC8B516D2B29B774007BB51F /* Frameworks */,
				AC8B516E2B29B774007BB51F /* Resources */,
			);
			buildRules = (
			);
			dependencies = (
				AC8B51722B29B774007BB51F /* PBXTargetDependency */,
			);
			name = HackerNewsProjectUITests;
			productName = HackerNewsProjectUITests;
			productReference = AC8B51702B29B774007BB51F /* HackerNewsProjectUITests.xctest */;
			productType = "com.apple.product-type.bundle.ui-testing";
		};
/* End PBXNativeTarget section */

/* Begin PBXProject section */
		AC8B514D2B29B772007BB51F /* Project object */ = {
			isa = PBXProject;
			attributes = {
				BuildIndependentTargetsInParallel = 1;
				LastSwiftUpdateCheck = 1430;
				LastUpgradeCheck = 1430;
				TargetAttributes = {
					AC8B51542B29B772007BB51F = {
						CreatedOnToolsVersion = 14.3.1;
					};
					AC8B51652B29B774007BB51F = {
						CreatedOnToolsVersion = 14.3.1;
						TestTargetID = AC8B51542B29B772007BB51F;
					};
					AC8B516F2B29B774007BB51F = {
						CreatedOnToolsVersion = 14.3.1;
						TestTargetID = AC8B51542B29B772007BB51F;
					};
				};
			};
			buildConfigurationList = AC8B51502B29B772007BB51F /* Build configuration list for PBXProject "HackerNewsProject" */;
			compatibilityVersion = "Xcode 14.0";
			developmentRegion = en;
			hasScannedForEncodings = 0;
			knownRegions = (
				en,
				Base,
			);
			mainGroup = AC8B514C2B29B772007BB51F;
			productRefGroup = AC8B51562B29B772007BB51F /* Products */;
			projectDirPath = "";
			projectRoot = "";
			targets = (
				AC8B51542B29B772007BB51F /* HackerNewsProject */,
				AC8B51652B29B774007BB51F /* HackerNewsProjectTests */,
				AC8B516F2B29B774007BB51F /* HackerNewsProjectUITests */,
			);
		};
/* End PBXProject section */

/* Begin PBXResourcesBuildPhase section */
		AC8B51532B29B772007BB51F /* Resources */ = {
			isa = PBXResourcesBuildPhase;
			buildActionMask = 2147483647;
			files = (
				AC8B51612B29B774007BB51F /* Preview Assets.xcassets in Resources */,
				AC8B515D2B29B774007BB51F /* Assets.xcassets in Resources */,
			);
			runOnlyForDeploymentPostprocessing = 0;
		};
		AC8B51642B29B774007BB51F /* Resources */ = {
			isa = PBXResourcesBuildPhase;
			buildActionMask = 2147483647;
			files = (
			);
			runOnlyForDeploymentPostprocessing = 0;
		};
		AC8B516E2B29B774007BB51F /* Resources */ = {
			isa = PBXResourcesBuildPhase;
			buildActionMask = 2147483647;
			files = (
			);
			runOnlyForDeploymentPostprocessing = 0;
		};
/* End PBXResourcesBuildPhase section */

/* Begin PBXSourcesBuildPhase section */
		AC8B51512B29B772007BB51F /* Sources */ = {
			isa = PBXSourcesBuildPhase;
			buildActionMask = 2147483647;
			files = (
				AC8B515B2B29B772007BB51F /* StoriesView.swift in Sources */,
				AC8B51842B29B9F7007BB51F /* ListLine.swift in Sources */,
				AC8B51592B29B772007BB51F /* HackerNewsProjectApp.swift in Sources */,
			);
			runOnlyForDeploymentPostprocessing = 0;
		};
		AC8B51622B29B774007BB51F /* Sources */ = {
			isa = PBXSourcesBuildPhase;
			buildActionMask = 2147483647;
			files = (
				AC8B516B2B29B774007BB51F /* HackerNewsProjectTests.swift in Sources */,
			);
			runOnlyForDeploymentPostprocessing = 0;
		};
		AC8B516C2B29B774007BB51F /* Sources */ = {
			isa = PBXSourcesBuildPhase;
			buildActionMask = 2147483647;
			files = (
				AC8B51752B29B774007BB51F /* HackerNewsProjectUITests.swift in Sources */,
				AC8B51772B29B774007BB51F /* HackerNewsProjectUITestsLaunchTests.swift in Sources */,
			);
			runOnlyForDeploymentPostprocessing = 0;
		};
/* End PBXSourcesBuildPhase section */

/* Begin PBXTargetDependency section */
		AC8B51682B29B774007BB51F /* PBXTargetDependency */ = {
			isa = PBXTargetDependency;
			target = AC8B51542B29B772007BB51F /* HackerNewsProject */;
			targetProxy = AC8B51672B29B774007BB51F /* PBXContainerItemProxy */;
		};
		AC8B51722B29B774007BB51F /* PBXTargetDependency */ = {
			isa = PBXTargetDependency;
			target = AC8B51542B29B772007BB51F /* HackerNewsProject */;
			targetProxy = AC8B51712B29B774007BB51F /* PBXContainerItemProxy */;
		};
/* End PBXTargetDependency section */

/* Begin XCBuildConfiguration section */
		AC8B51782B29B774007BB51F /* Debug */ = {
			isa = XCBuildConfiguration;
			buildSettings = {
				ALWAYS_SEARCH_USER_PATHS = NO;
				CLANG_ANALYZER_NONNULL = YES;
				CLANG_ANALYZER_NUMBER_OBJECT_CONVERSION = YES_AGGRESSIVE;
				CLANG_CXX_LANGUAGE_STANDARD = "gnu++20";
				CLANG_ENABLE_MODULES = YES;
				CLANG_ENABLE_OBJC_ARC = YES;
				CLANG_ENABLE_OBJC_WEAK = YES;
				CLANG_WARN_BLOCK_CAPTURE_AUTORELEASING = YES;
				CLANG_WARN_BOOL_CONVERSION = YES;
				CLANG_WARN_COMMA = YES;
				CLANG_WARN_CONSTANT_CONVERSION = YES;
				CLANG_WARN_DEPRECATED_OBJC_IMPLEMENTATIONS = YES;
				CLANG_WARN_DIRECT_OBJC_ISA_USAGE = YES_ERROR;
				CLANG_WARN_DOCUMENTATION_COMMENTS = YES;
				CLANG_WARN_EMPTY_BODY = YES;
				CLANG_WARN_ENUM_CONVERSION = YES;
				CLANG_WARN_INFINITE_RECURSION = YES;
				CLANG_WARN_INT_CONVERSION = YES;
				CLANG_WARN_NON_LITERAL_NULL_CONVERSION = YES;
				CLANG_WARN_OBJC_IMPLICIT_RETAIN_SELF = YES;
				CLANG_WARN_OBJC_LITERAL_CONVERSION = YES;
				CLANG_WARN_OBJC_ROOT_CLASS = YES_ERROR;
				CLANG_WARN_QUOTED_INCLUDE_IN_FRAMEWORK_HEADER = YES;
				CLANG_WARN_RANGE_LOOP_ANALYSIS = YES;
				CLANG_WARN_STRICT_PROTOTYPES = YES;
				CLANG_WARN_SUSPICIOUS_MOVE = YES;
				CLANG_WARN_UNGUARDED_AVAILABILITY = YES_AGGRESSIVE;
				CLANG_WARN_UNREACHABLE_CODE = YES;
				CLANG_WARN__DUPLICATE_METHOD_MATCH = YES;
				COPY_PHASE_STRIP = NO;
				DEBUG_INFORMATION_FORMAT = dwarf;
				ENABLE_STRICT_OBJC_MSGSEND = YES;
				ENABLE_TESTABILITY = YES;
				GCC_C_LANGUAGE_STANDARD = gnu11;
				GCC_DYNAMIC_NO_PIC = NO;
				GCC_NO_COMMON_BLOCKS = YES;
				GCC_OPTIMIZATION_LEVEL = 0;
				GCC_PREPROCESSOR_DEFINITIONS = (
					"DEBUG=1",
					"$(inherited)",
				);
				GCC_WARN_64_TO_32_BIT_CONVERSION = YES;
				GCC_WARN_ABOUT_RETURN_TYPE = YES_ERROR;
				GCC_WARN_UNDECLARED_SELECTOR = YES;
				GCC_WARN_UNINITIALIZED_AUTOS = YES_AGGRESSIVE;
				GCC_WARN_UNUSED_FUNCTION = YES;
				GCC_WARN_UNUSED_VARIABLE = YES;
				MTL_ENABLE_DEBUG_INFO = INCLUDE_SOURCE;
				MTL_FAST_MATH = YES;
				ONLY_ACTIVE_ARCH = YES;
				SWIFT_ACTIVE_COMPILATION_CONDITIONS = DEBUG;
				SWIFT_OPTIMIZATION_LEVEL = "-Onone";
			};
			name = Debug;
		};
		AC8B51792B29B774007BB51F /* Release */ = {
			isa = XCBuildConfiguration;
			buildSettings = {
				ALWAYS_SEARCH_USER_PATHS = NO;
				CLANG_ANALYZER_NONNULL = YES;
				CLANG_ANALYZER_NUMBER_OBJECT_CONVERSION = YES_AGGRESSIVE;
				CLANG_CXX_LANGUAGE_STANDARD = "gnu++20";
				CLANG_ENABLE_MODULES = YES;
				CLANG_ENABLE_OBJC_ARC = YES;
				CLANG_ENABLE_OBJC_WEAK = YES;
				CLANG_WARN_BLOCK_CAPTURE_AUTORELEASING = YES;
				CLANG_WARN_BOOL_CONVERSION = YES;
				CLANG_WARN_COMMA = YES;
				CLANG_WARN_CONSTANT_CONVERSION = YES;
				CLANG_WARN_DEPRECATED_OBJC_IMPLEMENTATIONS = YES;
				CLANG_WARN_DIRECT_OBJC_ISA_USAGE = YES_ERROR;
				CLANG_WARN_DOCUMENTATION_COMMENTS = YES;
				CLANG_WARN_EMPTY_BODY = YES;
				CLANG_WARN_ENUM_CONVERSION = YES;
				CLANG_WARN_INFINITE_RECURSION = YES;
				CLANG_WARN_INT_CONVERSION = YES;
				CLANG_WARN_NON_LITERAL_NULL_CONVERSION = YES;
				CLANG_WARN_OBJC_IMPLICIT_RETAIN_SELF = YES;
				CLANG_WARN_OBJC_LITERAL_CONVERSION = YES;
				CLANG_WARN_OBJC_ROOT_CLASS = YES_ERROR;
				CLANG_WARN_QUOTED_INCLUDE_IN_FRAMEWORK_HEADER = YES;
				CLANG_WARN_RANGE_LOOP_ANALYSIS = YES;
				CLANG_WARN_STRICT_PROTOTYPES = YES;
				CLANG_WARN_SUSPICIOUS_MOVE = YES;
				CLANG_WARN_UNGUARDED_AVAILABILITY = YES_AGGRESSIVE;
				CLANG_WARN_UNREACHABLE_CODE = YES;
				CLANG_WARN__DUPLICATE_METHOD_MATCH = YES;
				COPY_PHASE_STRIP = NO;
				DEBUG_INFORMATION_FORMAT = "dwarf-with-dsym";
				ENABLE_NS_ASSERTIONS = NO;
				ENABLE_STRICT_OBJC_MSGSEND = YES;
				GCC_C_LANGUAGE_STANDARD = gnu11;
				GCC_NO_COMMON_BLOCKS = YES;
				GCC_WARN_64_TO_32_BIT_CONVERSION = YES;
				GCC_WARN_ABOUT_RETURN_TYPE = YES_ERROR;
				GCC_WARN_UNDECLARED_SELECTOR = YES;
				GCC_WARN_UNINITIALIZED_AUTOS = YES_AGGRESSIVE;
				GCC_WARN_UNUSED_FUNCTION = YES;
				GCC_WARN_UNUSED_VARIABLE = YES;
				MTL_ENABLE_DEBUG_INFO = NO;
				MTL_FAST_MATH = YES;
				SWIFT_COMPILATION_MODE = wholemodule;
				SWIFT_OPTIMIZATION_LEVEL = "-O";
			};
			name = Release;
		};
		AC8B517B2B29B774007BB51F /* Debug */ = {
			isa = XCBuildConfiguration;
			buildSettings = {
				ASSETCATALOG_COMPILER_APPICON_NAME = AppIcon;
				ASSETCATALOG_COMPILER_GLOBAL_ACCENT_COLOR_NAME = AccentColor;
				CODE_SIGN_ENTITLEMENTS = HackerNewsProject/HackerNewsProject.entitlements;
				CODE_SIGN_STYLE = Automatic;
				CURRENT_PROJECT_VERSION = 1;
				DEVELOPMENT_ASSET_PATHS = "\"HackerNewsProject/Preview Content\"";
				ENABLE_PREVIEWS = YES;
				GENERATE_INFOPLIST_FILE = YES;
				"INFOPLIST_KEY_UIApplicationSceneManifest_Generation[sdk=iphoneos*]" = YES;
				"INFOPLIST_KEY_UIApplicationSceneManifest_Generation[sdk=iphonesimulator*]" = YES;
				"INFOPLIST_KEY_UIApplicationSupportsIndirectInputEvents[sdk=iphoneos*]" = YES;
				"INFOPLIST_KEY_UIApplicationSupportsIndirectInputEvents[sdk=iphonesimulator*]" = YES;
				"INFOPLIST_KEY_UILaunchScreen_Generation[sdk=iphoneos*]" = YES;
				"INFOPLIST_KEY_UILaunchScreen_Generation[sdk=iphonesimulator*]" = YES;
				"INFOPLIST_KEY_UIStatusBarStyle[sdk=iphoneos*]" = UIStatusBarStyleDefault;
				"INFOPLIST_KEY_UIStatusBarStyle[sdk=iphonesimulator*]" = UIStatusBarStyleDefault;
				INFOPLIST_KEY_UISupportedInterfaceOrientations_iPad = "UIInterfaceOrientationPortrait UIInterfaceOrientationPortraitUpsideDown UIInterfaceOrientationLandscapeLeft UIInterfaceOrientationLandscapeRight";
				INFOPLIST_KEY_UISupportedInterfaceOrientations_iPhone = "UIInterfaceOrientationPortrait UIInterfaceOrientationLandscapeLeft UIInterfaceOrientationLandscapeRight";
				IPHONEOS_DEPLOYMENT_TARGET = 16.4;
				LD_RUNPATH_SEARCH_PATHS = "@executable_path/Frameworks";
				"LD_RUNPATH_SEARCH_PATHS[sdk=macosx*]" = "@executable_path/../Frameworks";
				MACOSX_DEPLOYMENT_TARGET = 13.3;
				MARKETING_VERSION = 1.0;
				PRODUCT_BUNDLE_IDENTIFIER = com.lysanderme.HackerNewsProject;
				PRODUCT_NAME = "$(TARGET_NAME)";
				SDKROOT = auto;
				SUPPORTED_PLATFORMS = "iphoneos iphonesimulator macosx";
				SWIFT_EMIT_LOC_STRINGS = YES;
				SWIFT_VERSION = 5.0;
				TARGETED_DEVICE_FAMILY = "1,2";
			};
			name = Debug;
		};
		AC8B517C2B29B774007BB51F /* Release */ = {
			isa = XCBuildConfiguration;
			buildSettings = {
				ASSETCATALOG_COMPILER_APPICON_NAME = AppIcon;
				ASSETCATALOG_COMPILER_GLOBAL_ACCENT_COLOR_NAME = AccentColor;
				CODE_SIGN_ENTITLEMENTS = HackerNewsProject/HackerNewsProject.entitlements;
				CODE_SIGN_STYLE = Automatic;
				CURRENT_PROJECT_VERSION = 1;
				DEVELOPMENT_ASSET_PATHS = "\"HackerNewsProject/Preview Content\"";
				ENABLE_PREVIEWS = YES;
				GENERATE_INFOPLIST_FILE = YES;
				"INFOPLIST_KEY_UIApplicationSceneManifest_Generation[sdk=iphoneos*]" = YES;
				"INFOPLIST_KEY_UIApplicationSceneManifest_Generation[sdk=iphonesimulator*]" = YES;
				"INFOPLIST_KEY_UIApplicationSupportsIndirectInputEvents[sdk=iphoneos*]" = YES;
				"INFOPLIST_KEY_UIApplicationSupportsIndirectInputEvents[sdk=iphonesimulator*]" = YES;
				"INFOPLIST_KEY_UILaunchScreen_Generation[sdk=iphoneos*]" = YES;
				"INFOPLIST_KEY_UILaunchScreen_Generation[sdk=iphonesimulator*]" = YES;
				"INFOPLIST_KEY_UIStatusBarStyle[sdk=iphoneos*]" = UIStatusBarStyleDefault;
				"INFOPLIST_KEY_UIStatusBarStyle[sdk=iphonesimulator*]" = UIStatusBarStyleDefault;
				INFOPLIST_KEY_UISupportedInterfaceOrientations_iPad = "UIInterfaceOrientationPortrait UIInterfaceOrientationPortraitUpsideDown UIInterfaceOrientationLandscapeLeft UIInterfaceOrientationLandscapeRight";
				INFOPLIST_KEY_UISupportedInterfaceOrientations_iPhone = "UIInterfaceOrientationPortrait UIInterfaceOrientationLandscapeLeft UIInterfaceOrientationLandscapeRight";
				IPHONEOS_DEPLOYMENT_TARGET = 16.4;
				LD_RUNPATH_SEARCH_PATHS = "@executable_path/Frameworks";
				"LD_RUNPATH_SEARCH_PATHS[sdk=macosx*]" = "@executable_path/../Frameworks";
				MACOSX_DEPLOYMENT_TARGET = 13.3;
				MARKETING_VERSION = 1.0;
				PRODUCT_BUNDLE_IDENTIFIER = com.lysanderme.HackerNewsProject;
				PRODUCT_NAME = "$(TARGET_NAME)";
				SDKROOT = auto;
				SUPPORTED_PLATFORMS = "iphoneos iphonesimulator macosx";
				SWIFT_EMIT_LOC_STRINGS = YES;
				SWIFT_VERSION = 5.0;
				TARGETED_DEVICE_FAMILY = "1,2";
			};
			name = Release;
		};
		AC8B517E2B29B774007BB51F /* Debug */ = {
			isa = XCBuildConfiguration;
			buildSettings = {
				ALWAYS_EMBED_SWIFT_STANDARD_LIBRARIES = YES;
				BUNDLE_LOADER = "$(TEST_HOST)";
				CODE_SIGN_STYLE = Automatic;
				CURRENT_PROJECT_VERSION = 1;
				GENERATE_INFOPLIST_FILE = YES;
				IPHONEOS_DEPLOYMENT_TARGET = 16.4;
				MACOSX_DEPLOYMENT_TARGET = 13.3;
				MARKETING_VERSION = 1.0;
				PRODUCT_BUNDLE_IDENTIFIER = com.lysanderme.HackerNewsProjectTests;
				PRODUCT_NAME = "$(TARGET_NAME)";
				SDKROOT = auto;
				SUPPORTED_PLATFORMS = "iphoneos iphonesimulator macosx";
				SWIFT_EMIT_LOC_STRINGS = NO;
				SWIFT_VERSION = 5.0;
				TARGETED_DEVICE_FAMILY = "1,2";
				TEST_HOST = "$(BUILT_PRODUCTS_DIR)/HackerNewsProject.app/$(BUNDLE_EXECUTABLE_FOLDER_PATH)/HackerNewsProject";
			};
			name = Debug;
		};
		AC8B517F2B29B774007BB51F /* Release */ = {
			isa = XCBuildConfiguration;
			buildSettings = {
				ALWAYS_EMBED_SWIFT_STANDARD_LIBRARIES = YES;
				BUNDLE_LOADER = "$(TEST_HOST)";
				CODE_SIGN_STYLE = Automatic;
				CURRENT_PROJECT_VERSION = 1;
				GENERATE_INFOPLIST_FILE = YES;
				IPHONEOS_DEPLOYMENT_TARGET = 16.4;
				MACOSX_DEPLOYMENT_TARGET = 13.3;
				MARKETING_VERSION = 1.0;
				PRODUCT_BUNDLE_IDENTIFIER = com.lysanderme.HackerNewsProjectTests;
				PRODUCT_NAME = "$(TARGET_NAME)";
				SDKROOT = auto;
				SUPPORTED_PLATFORMS = "iphoneos iphonesimulator macosx";
				SWIFT_EMIT_LOC_STRINGS = NO;
				SWIFT_VERSION = 5.0;
				TARGETED_DEVICE_FAMILY = "1,2";
				TEST_HOST = "$(BUILT_PRODUCTS_DIR)/HackerNewsProject.app/$(BUNDLE_EXECUTABLE_FOLDER_PATH)/HackerNewsProject";
			};
			name = Release;
		};
		AC8B51812B29B774007BB51F /* Debug */ = {
			isa = XCBuildConfiguration;
			buildSettings = {
				ALWAYS_EMBED_SWIFT_STANDARD_LIBRARIES = YES;
				CODE_SIGN_STYLE = Automatic;
				CURRENT_PROJECT_VERSION = 1;
				GENERATE_INFOPLIST_FILE = YES;
				IPHONEOS_DEPLOYMENT_TARGET = 16.4;
				MACOSX_DEPLOYMENT_TARGET = 13.3;
				MARKETING_VERSION = 1.0;
				PRODUCT_BUNDLE_IDENTIFIER = com.lysanderme.HackerNewsProjectUITests;
				PRODUCT_NAME = "$(TARGET_NAME)";
				SDKROOT = auto;
				SUPPORTED_PLATFORMS = "iphoneos iphonesimulator macosx";
				SWIFT_EMIT_LOC_STRINGS = NO;
				SWIFT_VERSION = 5.0;
				TARGETED_DEVICE_FAMILY = "1,2";
				TEST_TARGET_NAME = HackerNewsProject;
			};
			name = Debug;
		};
		AC8B51822B29B774007BB51F /* Release */ = {
			isa = XCBuildConfiguration;
			buildSettings = {
				ALWAYS_EMBED_SWIFT_STANDARD_LIBRARIES = YES;
				CODE_SIGN_STYLE = Automatic;
				CURRENT_PROJECT_VERSION = 1;
				GENERATE_INFOPLIST_FILE = YES;
				IPHONEOS_DEPLOYMENT_TARGET = 16.4;
				MACOSX_DEPLOYMENT_TARGET = 13.3;
				MARKETING_VERSION = 1.0;
				PRODUCT_BUNDLE_IDENTIFIER = com.lysanderme.HackerNewsProjectUITests;
				PRODUCT_NAME = "$(TARGET_NAME)";
				SDKROOT = auto;
				SUPPORTED_PLATFORMS = "iphoneos iphonesimulator macosx";
				SWIFT_EMIT_LOC_STRINGS = NO;
				SWIFT_VERSION = 5.0;
				TARGETED_DEVICE_FAMILY = "1,2";
				TEST_TARGET_NAME = HackerNewsProject;
			};
			name = Release;
		};
/* End XCBuildConfiguration section */

/* Begin XCConfigurationList section */
		AC8B51502B29B772007BB51F /* Build configuration list for PBXProject "HackerNewsProject" */ = {
			isa = XCConfigurationList;
			buildConfigurations = (
				AC8B51782B29B774007BB51F /* Debug */,
				AC8B51792B29B774007BB51F /* Release */,
			);
			defaultConfigurationIsVisible = 0;
			defaultConfigurationName = Release;
		};
		AC8B517A2B29B774007BB51F /* Build configuration list for PBXNativeTarget "HackerNewsProject" */ = {
			isa = XCConfigurationList;
			buildConfigurations = (
				AC8B517B2B29B774007BB51F /* Debug */,
				AC8B517C2B29B774007BB51F /* Release */,
			);
			defaultConfigurationIsVisible = 0;
			defaultConfigurationName = Release;
		};
		AC8B517D2B29B774007BB51F /* Build configuration list for PBXNativeTarget "HackerNewsProjectTests" */ = {
			isa = XCConfigurationList;
			buildConfigurations = (
				AC8B517E2B29B774007BB51F /* Debug */,
				AC8B517F2B29B774007BB51F /* Release */,
			);
			defaultConfigurationIsVisible = 0;
			defaultConfigurationName = Release;
		};
		AC8B51802B29B774007BB51F /* Build configuration list for PBXNativeTarget "HackerNewsProjectUITests" */ = {
			isa = XCConfigurationList;
			buildConfigurations = (
				AC8B51812B29B774007BB51F /* Debug */,
				AC8B51822B29B774007BB51F /* Release */,
			);
			defaultConfigurationIsVisible = 0;
			defaultConfigurationName = Release;
		};
/* End XCConfigurationList section */
	};
	rootObject = AC8B514D2B29B772007BB51F /* Project object */;
}
